
Microsoft Visual Studio Solution File, Format Version 12.00
# Visual Studio Version 17
VisualStudioVersion = 17.1.31903.286
MinimumVisualStudioVersion = 10.0.40219.1
Project("{9A19103F-16F7-4668-BE54-9A1E7A4F7556}") = "Asm", "src\Asm\Asm.csproj", "{74248C54-1CC4-4863-846A-3E1E2FCAF013}"
EndProject
Project("{2150E333-8FDC-42A3-9474-1A3956D46DE8}") = "Tests", "Tests", "{B3A1BFF4-0BAC-4D6C-BFDE-E13122E2199D}"
EndProject
Project("{9A19103F-16F7-4668-BE54-9A1E7A4F7556}") = "Asm.Win32", "src\Asm.Win32\Asm.Win32.csproj", "{93F4BB6B-C120-4FCF-AB4B-8252ACFBBB9A}"
EndProject
Project("{2150E333-8FDC-42A3-9474-1A3956D46DE8}") = "Solution Items", "Solution Items", "{98AE5B42-0F55-45F3-9B9B-3E4AA9624457}"
	ProjectSection(SolutionItems) = preProject
		.gitignore = .gitignore
		Common\Common.props = Common\Common.props
		Common\CommonAssemblyInfo.cs = Common\CommonAssemblyInfo.cs
	EndProjectSection
EndProject
Project("{9A19103F-16F7-4668-BE54-9A1E7A4F7556}") = "Asm.Net", "src\Asm.Net\Asm.Net.csproj", "{4EF4AD03-3FC1-4415-8FE6-DB345E9D6D3E}"
EndProject
Project("{9A19103F-16F7-4668-BE54-9A1E7A4F7556}") = "Asm.Net.Tests", "tests\Asm.Net.Tests\Asm.Net.Tests.csproj", "{4F23367B-4FAC-4CBF-BF1B-2D186AF0A707}"
EndProject
Project("{9A19103F-16F7-4668-BE54-9A1E7A4F7556}") = "Asm.Testing", "src\Asm.Testing\Asm.Testing.csproj", "{F4E40C07-90A3-4BFF-8231-279ABC81DD81}"
EndProject
Project("{9A19103F-16F7-4668-BE54-9A1E7A4F7556}") = "Asm.Tests", "tests\Asm.Tests\Asm.Tests.csproj", "{26015116-CFB0-4173-99A8-ABE862601726}"
EndProject
Project("{9A19103F-16F7-4668-BE54-9A1E7A4F7556}") = "Asm.Win32.Tests", "tests\Asm.Win32.Tests\Asm.Win32.Tests.csproj", "{183CA34B-EFF7-4AC4-9E2B-3BF6C2AA4492}"
EndProject
Project("{9A19103F-16F7-4668-BE54-9A1E7A4F7556}") = "Asm.Web.Mvc", "src\Asm.Web.Mvc\Asm.Web.Mvc.csproj", "{41E0F168-52FE-45D8-B88A-925BAB92B764}"
EndProject
Project("{9A19103F-16F7-4668-BE54-9A1E7A4F7556}") = "Asm.Drawing", "src\Asm.Drawing\Asm.Drawing.csproj", "{785E81A5-6244-4E47-9F57-CAAFD1A031A3}"
EndProject
Project("{9A19103F-16F7-4668-BE54-9A1E7A4F7556}") = "Asm.Media", "src\Asm.Media\Asm.Media.csproj", "{67536341-1A2E-4E87-9FE9-0CE9F1120704}"
EndProject
Global
	GlobalSection(SolutionConfigurationPlatforms) = preSolution
		Debug|Any CPU = Debug|Any CPU
		Debug|x64 = Debug|x64
		Release 64|Any CPU = Release 64|Any CPU
		Release 64|x64 = Release 64|x64
		Release|Any CPU = Release|Any CPU
		Release|x64 = Release|x64
	EndGlobalSection
	GlobalSection(ProjectConfigurationPlatforms) = postSolution
		{74248C54-1CC4-4863-846A-3E1E2FCAF013}.Debug|Any CPU.ActiveCfg = Debug|Any CPU
		{74248C54-1CC4-4863-846A-3E1E2FCAF013}.Debug|Any CPU.Build.0 = Debug|Any CPU
		{74248C54-1CC4-4863-846A-3E1E2FCAF013}.Debug|x64.ActiveCfg = Debug|Any CPU
		{74248C54-1CC4-4863-846A-3E1E2FCAF013}.Debug|x64.Build.0 = Debug|Any CPU
		{74248C54-1CC4-4863-846A-3E1E2FCAF013}.Release 64|Any CPU.ActiveCfg = Release|Any CPU
		{74248C54-1CC4-4863-846A-3E1E2FCAF013}.Release 64|Any CPU.Build.0 = Release|Any CPU
		{74248C54-1CC4-4863-846A-3E1E2FCAF013}.Release 64|x64.ActiveCfg = Release|Any CPU
		{74248C54-1CC4-4863-846A-3E1E2FCAF013}.Release 64|x64.Build.0 = Release|Any CPU
		{74248C54-1CC4-4863-846A-3E1E2FCAF013}.Release|Any CPU.ActiveCfg = Release|Any CPU
		{74248C54-1CC4-4863-846A-3E1E2FCAF013}.Release|Any CPU.Build.0 = Release|Any CPU
		{74248C54-1CC4-4863-846A-3E1E2FCAF013}.Release|x64.ActiveCfg = Release|Any CPU
		{74248C54-1CC4-4863-846A-3E1E2FCAF013}.Release|x64.Build.0 = Release|Any CPU
		{93F4BB6B-C120-4FCF-AB4B-8252ACFBBB9A}.Debug|Any CPU.ActiveCfg = Debug|Any CPU
		{93F4BB6B-C120-4FCF-AB4B-8252ACFBBB9A}.Debug|Any CPU.Build.0 = Debug|Any CPU
		{93F4BB6B-C120-4FCF-AB4B-8252ACFBBB9A}.Debug|x64.ActiveCfg = Debug|Any CPU
		{93F4BB6B-C120-4FCF-AB4B-8252ACFBBB9A}.Debug|x64.Build.0 = Debug|Any CPU
		{93F4BB6B-C120-4FCF-AB4B-8252ACFBBB9A}.Release 64|Any CPU.ActiveCfg = Release|Any CPU
		{93F4BB6B-C120-4FCF-AB4B-8252ACFBBB9A}.Release 64|Any CPU.Build.0 = Release|Any CPU
		{93F4BB6B-C120-4FCF-AB4B-8252ACFBBB9A}.Release 64|x64.ActiveCfg = Release|Any CPU
		{93F4BB6B-C120-4FCF-AB4B-8252ACFBBB9A}.Release 64|x64.Build.0 = Release|Any CPU
		{93F4BB6B-C120-4FCF-AB4B-8252ACFBBB9A}.Release|Any CPU.ActiveCfg = Release|Any CPU
		{93F4BB6B-C120-4FCF-AB4B-8252ACFBBB9A}.Release|Any CPU.Build.0 = Release|Any CPU
		{93F4BB6B-C120-4FCF-AB4B-8252ACFBBB9A}.Release|x64.ActiveCfg = Release|Any CPU
		{93F4BB6B-C120-4FCF-AB4B-8252ACFBBB9A}.Release|x64.Build.0 = Release|Any CPU
		{4EF4AD03-3FC1-4415-8FE6-DB345E9D6D3E}.Debug|Any CPU.ActiveCfg = Debug|Any CPU
		{4EF4AD03-3FC1-4415-8FE6-DB345E9D6D3E}.Debug|Any CPU.Build.0 = Debug|Any CPU
		{4EF4AD03-3FC1-4415-8FE6-DB345E9D6D3E}.Debug|x64.ActiveCfg = Debug|Any CPU
		{4EF4AD03-3FC1-4415-8FE6-DB345E9D6D3E}.Debug|x64.Build.0 = Debug|Any CPU
		{4EF4AD03-3FC1-4415-8FE6-DB345E9D6D3E}.Release 64|Any CPU.ActiveCfg = Release|Any CPU
		{4EF4AD03-3FC1-4415-8FE6-DB345E9D6D3E}.Release 64|Any CPU.Build.0 = Release|Any CPU
		{4EF4AD03-3FC1-4415-8FE6-DB345E9D6D3E}.Release 64|x64.ActiveCfg = Release|Any CPU
		{4EF4AD03-3FC1-4415-8FE6-DB345E9D6D3E}.Release 64|x64.Build.0 = Release|Any CPU
		{4EF4AD03-3FC1-4415-8FE6-DB345E9D6D3E}.Release|Any CPU.ActiveCfg = Release|Any CPU
		{4EF4AD03-3FC1-4415-8FE6-DB345E9D6D3E}.Release|Any CPU.Build.0 = Release|Any CPU
		{4EF4AD03-3FC1-4415-8FE6-DB345E9D6D3E}.Release|x64.ActiveCfg = Release|Any CPU
		{4EF4AD03-3FC1-4415-8FE6-DB345E9D6D3E}.Release|x64.Build.0 = Release|Any CPU
		{4F23367B-4FAC-4CBF-BF1B-2D186AF0A707}.Debug|Any CPU.ActiveCfg = Debug|Any CPU
		{4F23367B-4FAC-4CBF-BF1B-2D186AF0A707}.Debug|Any CPU.Build.0 = Debug|Any CPU
		{4F23367B-4FAC-4CBF-BF1B-2D186AF0A707}.Debug|x64.ActiveCfg = Debug|Any CPU
		{4F23367B-4FAC-4CBF-BF1B-2D186AF0A707}.Debug|x64.Build.0 = Debug|Any CPU
		{4F23367B-4FAC-4CBF-BF1B-2D186AF0A707}.Release 64|Any CPU.ActiveCfg = Release|Any CPU
		{4F23367B-4FAC-4CBF-BF1B-2D186AF0A707}.Release 64|Any CPU.Build.0 = Release|Any CPU
		{4F23367B-4FAC-4CBF-BF1B-2D186AF0A707}.Release 64|x64.ActiveCfg = Release|Any CPU
		{4F23367B-4FAC-4CBF-BF1B-2D186AF0A707}.Release 64|x64.Build.0 = Release|Any CPU
		{4F23367B-4FAC-4CBF-BF1B-2D186AF0A707}.Release|Any CPU.ActiveCfg = Release|Any CPU
		{4F23367B-4FAC-4CBF-BF1B-2D186AF0A707}.Release|Any CPU.Build.0 = Release|Any CPU
		{4F23367B-4FAC-4CBF-BF1B-2D186AF0A707}.Release|x64.ActiveCfg = Release|Any CPU
		{4F23367B-4FAC-4CBF-BF1B-2D186AF0A707}.Release|x64.Build.0 = Release|Any CPU
		{F4E40C07-90A3-4BFF-8231-279ABC81DD81}.Debug|Any CPU.ActiveCfg = Debug|Any CPU
		{F4E40C07-90A3-4BFF-8231-279ABC81DD81}.Debug|Any CPU.Build.0 = Debug|Any CPU
		{F4E40C07-90A3-4BFF-8231-279ABC81DD81}.Debug|x64.ActiveCfg = Debug|Any CPU
		{F4E40C07-90A3-4BFF-8231-279ABC81DD81}.Debug|x64.Build.0 = Debug|Any CPU
		{F4E40C07-90A3-4BFF-8231-279ABC81DD81}.Release 64|Any CPU.ActiveCfg = Release|Any CPU
		{F4E40C07-90A3-4BFF-8231-279ABC81DD81}.Release 64|Any CPU.Build.0 = Release|Any CPU
		{F4E40C07-90A3-4BFF-8231-279ABC81DD81}.Release 64|x64.ActiveCfg = Release|Any CPU
		{F4E40C07-90A3-4BFF-8231-279ABC81DD81}.Release 64|x64.Build.0 = Release|Any CPU
		{F4E40C07-90A3-4BFF-8231-279ABC81DD81}.Release|Any CPU.ActiveCfg = Release|Any CPU
		{F4E40C07-90A3-4BFF-8231-279ABC81DD81}.Release|Any CPU.Build.0 = Release|Any CPU
		{F4E40C07-90A3-4BFF-8231-279ABC81DD81}.Release|x64.ActiveCfg = Release|Any CPU
		{F4E40C07-90A3-4BFF-8231-279ABC81DD81}.Release|x64.Build.0 = Release|Any CPU
		{26015116-CFB0-4173-99A8-ABE862601726}.Debug|Any CPU.ActiveCfg = Debug|Any CPU
		{26015116-CFB0-4173-99A8-ABE862601726}.Debug|Any CPU.Build.0 = Debug|Any CPU
		{26015116-CFB0-4173-99A8-ABE862601726}.Debug|x64.ActiveCfg = Debug|Any CPU
		{26015116-CFB0-4173-99A8-ABE862601726}.Debug|x64.Build.0 = Debug|Any CPU
		{26015116-CFB0-4173-99A8-ABE862601726}.Release 64|Any CPU.ActiveCfg = Release|Any CPU
		{26015116-CFB0-4173-99A8-ABE862601726}.Release 64|Any CPU.Build.0 = Release|Any CPU
		{26015116-CFB0-4173-99A8-ABE862601726}.Release 64|x64.ActiveCfg = Release|Any CPU
		{26015116-CFB0-4173-99A8-ABE862601726}.Release 64|x64.Build.0 = Release|Any CPU
		{26015116-CFB0-4173-99A8-ABE862601726}.Release|Any CPU.ActiveCfg = Release|Any CPU
		{26015116-CFB0-4173-99A8-ABE862601726}.Release|Any CPU.Build.0 = Release|Any CPU
		{26015116-CFB0-4173-99A8-ABE862601726}.Release|x64.ActiveCfg = Release|Any CPU
		{26015116-CFB0-4173-99A8-ABE862601726}.Release|x64.Build.0 = Release|Any CPU
		{183CA34B-EFF7-4AC4-9E2B-3BF6C2AA4492}.Debug|Any CPU.ActiveCfg = Debug|Any CPU
		{183CA34B-EFF7-4AC4-9E2B-3BF6C2AA4492}.Debug|Any CPU.Build.0 = Debug|Any CPU
		{183CA34B-EFF7-4AC4-9E2B-3BF6C2AA4492}.Debug|x64.ActiveCfg = Debug|Any CPU
		{183CA34B-EFF7-4AC4-9E2B-3BF6C2AA4492}.Debug|x64.Build.0 = Debug|Any CPU
		{183CA34B-EFF7-4AC4-9E2B-3BF6C2AA4492}.Release 64|Any CPU.ActiveCfg = Release|Any CPU
		{183CA34B-EFF7-4AC4-9E2B-3BF6C2AA4492}.Release 64|Any CPU.Build.0 = Release|Any CPU
		{183CA34B-EFF7-4AC4-9E2B-3BF6C2AA4492}.Release 64|x64.ActiveCfg = Release|Any CPU
		{183CA34B-EFF7-4AC4-9E2B-3BF6C2AA4492}.Release 64|x64.Build.0 = Release|Any CPU
		{183CA34B-EFF7-4AC4-9E2B-3BF6C2AA4492}.Release|Any CPU.ActiveCfg = Release|Any CPU
		{183CA34B-EFF7-4AC4-9E2B-3BF6C2AA4492}.Release|Any CPU.Build.0 = Release|Any CPU
		{183CA34B-EFF7-4AC4-9E2B-3BF6C2AA4492}.Release|x64.ActiveCfg = Release|Any CPU
		{183CA34B-EFF7-4AC4-9E2B-3BF6C2AA4492}.Release|x64.Build.0 = Release|Any CPU
		{41E0F168-52FE-45D8-B88A-925BAB92B764}.Debug|Any CPU.ActiveCfg = Debug|Any CPU
		{41E0F168-52FE-45D8-B88A-925BAB92B764}.Debug|Any CPU.Build.0 = Debug|Any CPU
		{41E0F168-52FE-45D8-B88A-925BAB92B764}.Debug|x64.ActiveCfg = Debug|Any CPU
		{41E0F168-52FE-45D8-B88A-925BAB92B764}.Debug|x64.Build.0 = Debug|Any CPU
		{41E0F168-52FE-45D8-B88A-925BAB92B764}.Release 64|Any CPU.ActiveCfg = Release|Any CPU
		{41E0F168-52FE-45D8-B88A-925BAB92B764}.Release 64|Any CPU.Build.0 = Release|Any CPU
		{41E0F168-52FE-45D8-B88A-925BAB92B764}.Release 64|x64.ActiveCfg = Release|Any CPU
		{41E0F168-52FE-45D8-B88A-925BAB92B764}.Release 64|x64.Build.0 = Release|Any CPU
		{41E0F168-52FE-45D8-B88A-925BAB92B764}.Release|Any CPU.ActiveCfg = Release|Any CPU
		{41E0F168-52FE-45D8-B88A-925BAB92B764}.Release|Any CPU.Build.0 = Release|Any CPU
		{41E0F168-52FE-45D8-B88A-925BAB92B764}.Release|x64.ActiveCfg = Release|Any CPU
		{41E0F168-52FE-45D8-B88A-925BAB92B764}.Release|x64.Build.0 = Release|Any CPU
		{785E81A5-6244-4E47-9F57-CAAFD1A031A3}.Debug|Any CPU.ActiveCfg = Debug|Any CPU
		{785E81A5-6244-4E47-9F57-CAAFD1A031A3}.Debug|Any CPU.Build.0 = Debug|Any CPU
		{785E81A5-6244-4E47-9F57-CAAFD1A031A3}.Debug|x64.ActiveCfg = Debug|Any CPU
		{785E81A5-6244-4E47-9F57-CAAFD1A031A3}.Debug|x64.Build.0 = Debug|Any CPU
		{785E81A5-6244-4E47-9F57-CAAFD1A031A3}.Release 64|Any CPU.ActiveCfg = Release|Any CPU
		{785E81A5-6244-4E47-9F57-CAAFD1A031A3}.Release 64|Any CPU.Build.0 = Release|Any CPU
		{785E81A5-6244-4E47-9F57-CAAFD1A031A3}.Release 64|x64.ActiveCfg = Release|Any CPU
		{785E81A5-6244-4E47-9F57-CAAFD1A031A3}.Release 64|x64.Build.0 = Release|Any CPU
		{785E81A5-6244-4E47-9F57-CAAFD1A031A3}.Release|Any CPU.ActiveCfg = Release|Any CPU
		{785E81A5-6244-4E47-9F57-CAAFD1A031A3}.Release|Any CPU.Build.0 = Release|Any CPU
		{785E81A5-6244-4E47-9F57-CAAFD1A031A3}.Release|x64.ActiveCfg = Release|Any CPU
		{785E81A5-6244-4E47-9F57-CAAFD1A031A3}.Release|x64.Build.0 = Release|Any CPU
		{67536341-1A2E-4E87-9FE9-0CE9F1120704}.Debug|Any CPU.ActiveCfg = Debug|Any CPU
		{67536341-1A2E-4E87-9FE9-0CE9F1120704}.Debug|Any CPU.Build.0 = Debug|Any CPU
		{67536341-1A2E-4E87-9FE9-0CE9F1120704}.Debug|x64.ActiveCfg = Debug|Any CPU
		{67536341-1A2E-4E87-9FE9-0CE9F1120704}.Debug|x64.Build.0 = Debug|Any CPU
		{67536341-1A2E-4E87-9FE9-0CE9F1120704}.Release 64|Any CPU.ActiveCfg = Release|Any CPU
		{67536341-1A2E-4E87-9FE9-0CE9F1120704}.Release 64|Any CPU.Build.0 = Release|Any CPU
		{67536341-1A2E-4E87-9FE9-0CE9F1120704}.Release 64|x64.ActiveCfg = Release|Any CPU
		{67536341-1A2E-4E87-9FE9-0CE9F1120704}.Release 64|x64.Build.0 = Release|Any CPU
		{67536341-1A2E-4E87-9FE9-0CE9F1120704}.Release|Any CPU.ActiveCfg = Release|Any CPU
		{67536341-1A2E-4E87-9FE9-0CE9F1120704}.Release|Any CPU.Build.0 = Release|Any CPU
		{67536341-1A2E-4E87-9FE9-0CE9F1120704}.Release|x64.ActiveCfg = Release|Any CPU
		{67536341-1A2E-4E87-9FE9-0CE9F1120704}.Release|x64.Build.0 = Release|Any CPU
	EndGlobalSection
	GlobalSection(SolutionProperties) = preSolution
		HideSolutionNode = FALSE
	EndGlobalSection
	GlobalSection(NestedProjects) = preSolution
		{4F23367B-4FAC-4CBF-BF1B-2D186AF0A707} = {B3A1BFF4-0BAC-4D6C-BFDE-E13122E2199D}
		{26015116-CFB0-4173-99A8-ABE862601726} = {B3A1BFF4-0BAC-4D6C-BFDE-E13122E2199D}
		{183CA34B-EFF7-4AC4-9E2B-3BF6C2AA4492} = {B3A1BFF4-0BAC-4D6C-BFDE-E13122E2199D}
	EndGlobalSection
	GlobalSection(ExtensibilityGlobals) = postSolution
		SolutionGuid = {4744CB2B-CE80-41AE-9DFE-5B93A2A583CA}
	EndGlobalSection
EndGlobal
